
Microsoft Visual Studio Solution File, Format Version 12.00
# Visual Studio Version 16
VisualStudioVersion = 16.0.30204.135
MinimumVisualStudioVersion = 10.0.40219.1
Project("{FAE04EC0-301F-11D3-BF4B-00C04F79EFBC}") = "CalculatorParameters", "CalculatorParameters\CalculatorParameters.csproj", "{B4BE7EFB-BCC0-49C4-BA68-AB49834ED290}"
EndProject
Global
	GlobalSection(SolutionConfigurationPlatforms) = preSolution
		Debug|Any CPU = Debug|Any CPU
		Release|Any CPU = Release|Any CPU
	EndGlobalSection
	GlobalSection(ProjectConfigurationPlatforms) = postSolution
		{B4BE7EFB-BCC0-49C4-BA68-AB49834ED290}.Debug|Any CPU.ActiveCfg = Debug|Any CPU
		{B4BE7EFB-BCC0-49C4-BA68-AB49834ED290}.Debug|Any CPU.Build.0 = Debug|Any CPU
		{B4BE7EFB-BCC0-49C4-BA68-AB49834ED290}.Release|Any CPU.ActiveCfg = Release|Any CPU
		{B4BE7EFB-BCC0-49C4-BA68-AB49834ED290}.Release|Any CPU.Build.0 = Release|Any CPU
	EndGlobalSection
	GlobalSection(SolutionProperties) = preSolution
		HideSolutionNode = FALSE
	EndGlobalSection
	GlobalSection(ExtensibilityGlobals) = postSolution
		SolutionGuid = {E4F3478C-D999-445D-B526-80BE2BF1BA9F}
	EndGlobalSection
EndGlobal
