
Microsoft Visual Studio Solution File, Format Version 12.00
# Visual Studio Version 16
VisualStudioVersion = 16.0.30204.135
MinimumVisualStudioVersion = 10.0.40219.1
Project("{FAE04EC0-301F-11D3-BF4B-00C04F79EFBC}") = "ExercicioListas", "ExercicioListas\ExercicioListas.csproj", "{9BD1AE99-F046-4071-897E-F56213C59A3D}"
EndProject
Global
	GlobalSection(SolutionConfigurationPlatforms) = preSolution
		Debug|Any CPU = Debug|Any CPU
		Release|Any CPU = Release|Any CPU
	EndGlobalSection
	GlobalSection(ProjectConfigurationPlatforms) = postSolution
		{9BD1AE99-F046-4071-897E-F56213C59A3D}.Debug|Any CPU.ActiveCfg = Debug|Any CPU
		{9BD1AE99-F046-4071-897E-F56213C59A3D}.Debug|Any CPU.Build.0 = Debug|Any CPU
		{9BD1AE99-F046-4071-897E-F56213C59A3D}.Release|Any CPU.ActiveCfg = Release|Any CPU
		{9BD1AE99-F046-4071-897E-F56213C59A3D}.Release|Any CPU.Build.0 = Release|Any CPU
	EndGlobalSection
	GlobalSection(SolutionProperties) = preSolution
		HideSolutionNode = FALSE
	EndGlobalSection
	GlobalSection(ExtensibilityGlobals) = postSolution
		SolutionGuid = {36947434-6034-4F5C-A118-92A420C54493}
	EndGlobalSection
EndGlobal
